// !$*UTF8*$!
{
	archiveVersion = 1;
	classes = {
	};
	objectVersion = 56;
	objects = {

/* Begin PBXBuildFile section */
		C0713F81299D58F100C11A92 /* MainModel.swift in Sources */ = {isa = PBXBuildFile; fileRef = C0713F80299D58F100C11A92 /* MainModel.swift */; };
		C0713F83299D5C8700C11A92 /* MainBuilder.swift in Sources */ = {isa = PBXBuildFile; fileRef = C0713F82299D5C8700C11A92 /* MainBuilder.swift */; };
		C0F387432996498C00EF5B1E /* AppDelegate.swift in Sources */ = {isa = PBXBuildFile; fileRef = C0F387422996498C00EF5B1E /* AppDelegate.swift */; };
		C0F387452996498C00EF5B1E /* SceneDelegate.swift in Sources */ = {isa = PBXBuildFile; fileRef = C0F387442996498C00EF5B1E /* SceneDelegate.swift */; };
		C0F387472996498C00EF5B1E /* MainViewController.swift in Sources */ = {isa = PBXBuildFile; fileRef = C0F387462996498C00EF5B1E /* MainViewController.swift */; };
		C0F3874C2996498E00EF5B1E /* Assets.xcassets in Resources */ = {isa = PBXBuildFile; fileRef = C0F3874B2996498E00EF5B1E /* Assets.xcassets */; };
		C0F3874F2996498E00EF5B1E /* LaunchScreen.storyboard in Resources */ = {isa = PBXBuildFile; fileRef = C0F3874D2996498E00EF5B1E /* LaunchScreen.storyboard */; };
		C0F3875D2997DC1500EF5B1E /* MainPlayerSideView.swift in Sources */ = {isa = PBXBuildFile; fileRef = C0F3875C2997DC1500EF5B1E /* MainPlayerSideView.swift */; };
		C0F3875F29981F2100EF5B1E /* TimerSetupView.swift in Sources */ = {isa = PBXBuildFile; fileRef = C0F3875E29981F2100EF5B1E /* TimerSetupView.swift */; };
		C0F387612999717300EF5B1E /* MainViewPresenter.swift in Sources */ = {isa = PBXBuildFile; fileRef = C0F387602999717300EF5B1E /* MainViewPresenter.swift */; };
/* End PBXBuildFile section */

/* Begin PBXFileReference section */
		C0713F80299D58F100C11A92 /* MainModel.swift */ = {isa = PBXFileReference; lastKnownFileType = sourcecode.swift; path = MainModel.swift; sourceTree = "<group>"; };
		C0713F82299D5C8700C11A92 /* MainBuilder.swift */ = {isa = PBXFileReference; lastKnownFileType = sourcecode.swift; path = MainBuilder.swift; sourceTree = "<group>"; };
		C0F3873F2996498C00EF5B1E /* ChessTimer.app */ = {isa = PBXFileReference; explicitFileType = wrapper.application; includeInIndex = 0; path = ChessTimer.app; sourceTree = BUILT_PRODUCTS_DIR; };
		C0F387422996498C00EF5B1E /* AppDelegate.swift */ = {isa = PBXFileReference; lastKnownFileType = sourcecode.swift; path = AppDelegate.swift; sourceTree = "<group>"; };
		C0F387442996498C00EF5B1E /* SceneDelegate.swift */ = {isa = PBXFileReference; lastKnownFileType = sourcecode.swift; path = SceneDelegate.swift; sourceTree = "<group>"; };
		C0F387462996498C00EF5B1E /* MainViewController.swift */ = {isa = PBXFileReference; lastKnownFileType = sourcecode.swift; path = MainViewController.swift; sourceTree = "<group>"; };
		C0F3874B2996498E00EF5B1E /* Assets.xcassets */ = {isa = PBXFileReference; lastKnownFileType = folder.assetcatalog; path = Assets.xcassets; sourceTree = "<group>"; };
		C0F3874E2996498E00EF5B1E /* Base */ = {isa = PBXFileReference; lastKnownFileType = file.storyboard; name = Base; path = Base.lproj/LaunchScreen.storyboard; sourceTree = "<group>"; };
		C0F387502996498E00EF5B1E /* Info.plist */ = {isa = PBXFileReference; lastKnownFileType = text.plist.xml; path = Info.plist; sourceTree = "<group>"; };
		C0F3875C2997DC1500EF5B1E /* MainPlayerSideView.swift */ = {isa = PBXFileReference; lastKnownFileType = sourcecode.swift; path = MainPlayerSideView.swift; sourceTree = "<group>"; };
		C0F3875E29981F2100EF5B1E /* TimerSetupView.swift */ = {isa = PBXFileReference; lastKnownFileType = sourcecode.swift; path = TimerSetupView.swift; sourceTree = "<group>"; };
		C0F387602999717300EF5B1E /* MainViewPresenter.swift */ = {isa = PBXFileReference; lastKnownFileType = sourcecode.swift; path = MainViewPresenter.swift; sourceTree = "<group>"; };
/* End PBXFileReference section */

/* Begin PBXFrameworksBuildPhase section */
		C0F3873C2996498C00EF5B1E /* Frameworks */ = {
			isa = PBXFrameworksBuildPhase;
			buildActionMask = 2147483647;
			files = (
			);
			runOnlyForDeploymentPostprocessing = 0;
		};
/* End PBXFrameworksBuildPhase section */

/* Begin PBXGroup section */
		C0F387362996498C00EF5B1E = {
			isa = PBXGroup;
			children = (
				C0F387412996498C00EF5B1E /* ChessTimer */,
				C0F387402996498C00EF5B1E /* Products */,
			);
			sourceTree = "<group>";
		};
		C0F387402996498C00EF5B1E /* Products */ = {
			isa = PBXGroup;
			children = (
				C0F3873F2996498C00EF5B1E /* ChessTimer.app */,
			);
			name = Products;
			sourceTree = "<group>";
		};
		C0F387412996498C00EF5B1E /* ChessTimer */ = {
			isa = PBXGroup;
			children = (
				C0F387562997D91400EF5B1E /* Resources */,
				C0F387632999727600EF5B1E /* Main */,
				C0F387502996498E00EF5B1E /* Info.plist */,
			);
			path = ChessTimer;
			sourceTree = "<group>";
		};
		C0F387562997D91400EF5B1E /* Resources */ = {
			isa = PBXGroup;
			children = (
				C0F387422996498C00EF5B1E /* AppDelegate.swift */,
				C0F387442996498C00EF5B1E /* SceneDelegate.swift */,
				C0F3874B2996498E00EF5B1E /* Assets.xcassets */,
				C0F3874D2996498E00EF5B1E /* LaunchScreen.storyboard */,
			);
			path = Resources;
			sourceTree = "<group>";
		};
		C0F387572997D99D00EF5B1E /* Views */ = {
			isa = PBXGroup;
			children = (
				C0F3875E29981F2100EF5B1E /* TimerSetupView.swift */,
				C0F3875B2997DBD600EF5B1E /* MainViews */,
			);
			path = Views;
			sourceTree = "<group>";
		};
		C0F387582997D9DA00EF5B1E /* Models */ = {
			isa = PBXGroup;
			children = (
				C0713F80299D58F100C11A92 /* MainModel.swift */,
			);
			path = Models;
			sourceTree = "<group>";
		};
		C0F387592997D9F100EF5B1E /* Presenters */ = {
			isa = PBXGroup;
			children = (
				C0F387602999717300EF5B1E /* MainViewPresenter.swift */,
			);
			path = Presenters;
			sourceTree = "<group>";
		};
		C0F3875A2997DA1E00EF5B1E /* Controllers */ = {
			isa = PBXGroup;
			children = (
				C0F387462996498C00EF5B1E /* MainViewController.swift */,
			);
			path = Controllers;
			sourceTree = "<group>";
		};
		C0F3875B2997DBD600EF5B1E /* MainViews */ = {
			isa = PBXGroup;
			children = (
				C0F3875C2997DC1500EF5B1E /* MainPlayerSideView.swift */,
			);
			path = MainViews;
			sourceTree = "<group>";
		};
		C0F387632999727600EF5B1E /* Main */ = {
			isa = PBXGroup;
			children = (
				C0713F82299D5C8700C11A92 /* MainBuilder.swift */,
				C0F387582997D9DA00EF5B1E /* Models */,
				C0F387572997D99D00EF5B1E /* Views */,
				C0F387592997D9F100EF5B1E /* Presenters */,
				C0F3875A2997DA1E00EF5B1E /* Controllers */,
			);
			path = Main;
			sourceTree = "<group>";
		};
/* End PBXGroup section */

/* Begin PBXNativeTarget section */
		C0F3873E2996498C00EF5B1E /* ChessTimer */ = {
			isa = PBXNativeTarget;
			buildConfigurationList = C0F387532996498E00EF5B1E /* Build configuration list for PBXNativeTarget "ChessTimer" */;
			buildPhases = (
				C0F3873B2996498C00EF5B1E /* Sources */,
				C0F3873C2996498C00EF5B1E /* Frameworks */,
				C0F3873D2996498C00EF5B1E /* Resources */,
			);
			buildRules = (
			);
			dependencies = (
			);
			name = ChessTimer;
			productName = ChessTimer;
			productReference = C0F3873F2996498C00EF5B1E /* ChessTimer.app */;
			productType = "com.apple.product-type.application";
		};
/* End PBXNativeTarget section */

/* Begin PBXProject section */
		C0F387372996498C00EF5B1E /* Project object */ = {
			isa = PBXProject;
			attributes = {
				BuildIndependentTargetsInParallel = 1;
				LastSwiftUpdateCheck = 1420;
				LastUpgradeCheck = 1420;
				TargetAttributes = {
					C0F3873E2996498C00EF5B1E = {
						CreatedOnToolsVersion = 14.2;
					};
				};
			};
			buildConfigurationList = C0F3873A2996498C00EF5B1E /* Build configuration list for PBXProject "ChessTimer" */;
			compatibilityVersion = "Xcode 14.0";
			developmentRegion = en;
			hasScannedForEncodings = 0;
			knownRegions = (
				en,
				Base,
			);
			mainGroup = C0F387362996498C00EF5B1E;
			productRefGroup = C0F387402996498C00EF5B1E /* Products */;
			projectDirPath = "";
			projectRoot = "";
			targets = (
				C0F3873E2996498C00EF5B1E /* ChessTimer */,
			);
		};
/* End PBXProject section */

/* Begin PBXResourcesBuildPhase section */
		C0F3873D2996498C00EF5B1E /* Resources */ = {
			isa = PBXResourcesBuildPhase;
			buildActionMask = 2147483647;
			files = (
				C0F3874F2996498E00EF5B1E /* LaunchScreen.storyboard in Resources */,
				C0F3874C2996498E00EF5B1E /* Assets.xcassets in Resources */,
			);
			runOnlyForDeploymentPostprocessing = 0;
		};
/* End PBXResourcesBuildPhase section */

/* Begin PBXSourcesBuildPhase section */
		C0F3873B2996498C00EF5B1E /* Sources */ = {
			isa = PBXSourcesBuildPhase;
			buildActionMask = 2147483647;
			files = (
				C0713F83299D5C8700C11A92 /* MainBuilder.swift in Sources */,
				C0F3875D2997DC1500EF5B1E /* MainPlayerSideView.swift in Sources */,
				C0F387472996498C00EF5B1E /* MainViewController.swift in Sources */,
				C0F387612999717300EF5B1E /* MainViewPresenter.swift in Sources */,
				C0713F81299D58F100C11A92 /* MainModel.swift in Sources */,
				C0F387432996498C00EF5B1E /* AppDelegate.swift in Sources */,
				C0F3875F29981F2100EF5B1E /* TimerSetupView.swift in Sources */,
				C0F387452996498C00EF5B1E /* SceneDelegate.swift in Sources */,
			);
			runOnlyForDeploymentPostprocessing = 0;
		};
/* End PBXSourcesBuildPhase section */

/* Begin PBXVariantGroup section */
		C0F3874D2996498E00EF5B1E /* LaunchScreen.storyboard */ = {
			isa = PBXVariantGroup;
			children = (
				C0F3874E2996498E00EF5B1E /* Base */,
			);
			name = LaunchScreen.storyboard;
			sourceTree = "<group>";
		};
/* End PBXVariantGroup section */

/* Begin XCBuildConfiguration section */
		C0F387512996498E00EF5B1E /* Debug */ = {
			isa = XCBuildConfiguration;
			buildSettings = {
				ALWAYS_SEARCH_USER_PATHS = NO;
				CLANG_ANALYZER_NONNULL = YES;
				CLANG_ANALYZER_NUMBER_OBJECT_CONVERSION = YES_AGGRESSIVE;
				CLANG_CXX_LANGUAGE_STANDARD = "gnu++20";
				CLANG_ENABLE_MODULES = YES;
				CLANG_ENABLE_OBJC_ARC = YES;
				CLANG_ENABLE_OBJC_WEAK = YES;
				CLANG_WARN_BLOCK_CAPTURE_AUTORELEASING = YES;
				CLANG_WARN_BOOL_CONVERSION = YES;
				CLANG_WARN_COMMA = YES;
				CLANG_WARN_CONSTANT_CONVERSION = YES;
				CLANG_WARN_DEPRECATED_OBJC_IMPLEMENTATIONS = YES;
				CLANG_WARN_DIRECT_OBJC_ISA_USAGE = YES_ERROR;
				CLANG_WARN_DOCUMENTATION_COMMENTS = YES;
				CLANG_WARN_EMPTY_BODY = YES;
				CLANG_WARN_ENUM_CONVERSION = YES;
				CLANG_WARN_INFINITE_RECURSION = YES;
				CLANG_WARN_INT_CONVERSION = YES;
				CLANG_WARN_NON_LITERAL_NULL_CONVERSION = YES;
				CLANG_WARN_OBJC_IMPLICIT_RETAIN_SELF = YES;
				CLANG_WARN_OBJC_LITERAL_CONVERSION = YES;
				CLANG_WARN_OBJC_ROOT_CLASS = YES_ERROR;
				CLANG_WARN_QUOTED_INCLUDE_IN_FRAMEWORK_HEADER = YES;
				CLANG_WARN_RANGE_LOOP_ANALYSIS = YES;
				CLANG_WARN_STRICT_PROTOTYPES = YES;
				CLANG_WARN_SUSPICIOUS_MOVE = YES;
				CLANG_WARN_UNGUARDED_AVAILABILITY = YES_AGGRESSIVE;
				CLANG_WARN_UNREACHABLE_CODE = YES;
				CLANG_WARN__DUPLICATE_METHOD_MATCH = YES;
				COPY_PHASE_STRIP = NO;
				DEBUG_INFORMATION_FORMAT = dwarf;
				ENABLE_STRICT_OBJC_MSGSEND = YES;
				ENABLE_TESTABILITY = YES;
				GCC_C_LANGUAGE_STANDARD = gnu11;
				GCC_DYNAMIC_NO_PIC = NO;
				GCC_NO_COMMON_BLOCKS = YES;
				GCC_OPTIMIZATION_LEVEL = 0;
				GCC_PREPROCESSOR_DEFINITIONS = (
					"DEBUG=1",
					"$(inherited)",
				);
				GCC_WARN_64_TO_32_BIT_CONVERSION = YES;
				GCC_WARN_ABOUT_RETURN_TYPE = YES_ERROR;
				GCC_WARN_UNDECLARED_SELECTOR = YES;
				GCC_WARN_UNINITIALIZED_AUTOS = YES_AGGRESSIVE;
				GCC_WARN_UNUSED_FUNCTION = YES;
				GCC_WARN_UNUSED_VARIABLE = YES;
				IPHONEOS_DEPLOYMENT_TARGET = 13.0;
				MTL_ENABLE_DEBUG_INFO = INCLUDE_SOURCE;
				MTL_FAST_MATH = YES;
				ONLY_ACTIVE_ARCH = YES;
				SDKROOT = iphoneos;
				SWIFT_ACTIVE_COMPILATION_CONDITIONS = DEBUG;
				SWIFT_OPTIMIZATION_LEVEL = "-Onone";
			};
			name = Debug;
		};
		C0F387522996498E00EF5B1E /* Release */ = {
			isa = XCBuildConfiguration;
			buildSettings = {
				ALWAYS_SEARCH_USER_PATHS = NO;
				CLANG_ANALYZER_NONNULL = YES;
				CLANG_ANALYZER_NUMBER_OBJECT_CONVERSION = YES_AGGRESSIVE;
				CLANG_CXX_LANGUAGE_STANDARD = "gnu++20";
				CLANG_ENABLE_MODULES = YES;
				CLANG_ENABLE_OBJC_ARC = YES;
				CLANG_ENABLE_OBJC_WEAK = YES;
				CLANG_WARN_BLOCK_CAPTURE_AUTORELEASING = YES;
				CLANG_WARN_BOOL_CONVERSION = YES;
				CLANG_WARN_COMMA = YES;
				CLANG_WARN_CONSTANT_CONVERSION = YES;
				CLANG_WARN_DEPRECATED_OBJC_IMPLEMENTATIONS = YES;
				CLANG_WARN_DIRECT_OBJC_ISA_USAGE = YES_ERROR;
				CLANG_WARN_DOCUMENTATION_COMMENTS = YES;
				CLANG_WARN_EMPTY_BODY = YES;
				CLANG_WARN_ENUM_CONVERSION = YES;
				CLANG_WARN_INFINITE_RECURSION = YES;
				CLANG_WARN_INT_CONVERSION = YES;
				CLANG_WARN_NON_LITERAL_NULL_CONVERSION = YES;
				CLANG_WARN_OBJC_IMPLICIT_RETAIN_SELF = YES;
				CLANG_WARN_OBJC_LITERAL_CONVERSION = YES;
				CLANG_WARN_OBJC_ROOT_CLASS = YES_ERROR;
				CLANG_WARN_QUOTED_INCLUDE_IN_FRAMEWORK_HEADER = YES;
				CLANG_WARN_RANGE_LOOP_ANALYSIS = YES;
				CLANG_WARN_STRICT_PROTOTYPES = YES;
				CLANG_WARN_SUSPICIOUS_MOVE = YES;
				CLANG_WARN_UNGUARDED_AVAILABILITY = YES_AGGRESSIVE;
				CLANG_WARN_UNREACHABLE_CODE = YES;
				CLANG_WARN__DUPLICATE_METHOD_MATCH = YES;
				COPY_PHASE_STRIP = NO;
				DEBUG_INFORMATION_FORMAT = "dwarf-with-dsym";
				ENABLE_NS_ASSERTIONS = NO;
				ENABLE_STRICT_OBJC_MSGSEND = YES;
				GCC_C_LANGUAGE_STANDARD = gnu11;
				GCC_NO_COMMON_BLOCKS = YES;
				GCC_WARN_64_TO_32_BIT_CONVERSION = YES;
				GCC_WARN_ABOUT_RETURN_TYPE = YES_ERROR;
				GCC_WARN_UNDECLARED_SELECTOR = YES;
				GCC_WARN_UNINITIALIZED_AUTOS = YES_AGGRESSIVE;
				GCC_WARN_UNUSED_FUNCTION = YES;
				GCC_WARN_UNUSED_VARIABLE = YES;
				IPHONEOS_DEPLOYMENT_TARGET = 13.0;
				MTL_ENABLE_DEBUG_INFO = NO;
				MTL_FAST_MATH = YES;
				SDKROOT = iphoneos;
				SWIFT_COMPILATION_MODE = wholemodule;
				SWIFT_OPTIMIZATION_LEVEL = "-O";
				VALIDATE_PRODUCT = YES;
			};
			name = Release;
		};
		C0F387542996498E00EF5B1E /* Debug */ = {
			isa = XCBuildConfiguration;
			buildSettings = {
				ASSETCATALOG_COMPILER_APPICON_NAME = AppIcon;
				ASSETCATALOG_COMPILER_GLOBAL_ACCENT_COLOR_NAME = AccentColor;
				CODE_SIGN_STYLE = Automatic;
				CURRENT_PROJECT_VERSION = 1;
				DEVELOPMENT_TEAM = CP4S593DTK;
				GENERATE_INFOPLIST_FILE = YES;
				INFOPLIST_FILE = ChessTimer/Info.plist;
				INFOPLIST_KEY_UIApplicationSupportsIndirectInputEvents = YES;
				INFOPLIST_KEY_UILaunchStoryboardName = LaunchScreen;
				INFOPLIST_KEY_UISupportedInterfaceOrientations = UIInterfaceOrientationPortrait;
				IPHONEOS_DEPLOYMENT_TARGET = 13.0;
				LD_RUNPATH_SEARCH_PATHS = (
					"$(inherited)",
					"@executable_path/Frameworks",
				);
				MARKETING_VERSION = 1.0;
				PRODUCT_BUNDLE_IDENTIFIER = ru.maratyunusov.ChessTimer;
				PRODUCT_NAME = "$(TARGET_NAME)";
				SWIFT_EMIT_LOC_STRINGS = YES;
				SWIFT_VERSION = 5.0;
				TARGETED_DEVICE_FAMILY = "1,2";
			};
			name = Debug;
		};
		C0F387552996498E00EF5B1E /* Release */ = {
			isa = XCBuildConfiguration;
			buildSettings = {
				ASSETCATALOG_COMPILER_APPICON_NAME = AppIcon;
				ASSETCATALOG_COMPILER_GLOBAL_ACCENT_COLOR_NAME = AccentColor;
				CODE_SIGN_STYLE = Automatic;
				CURRENT_PROJECT_VERSION = 1;
				DEVELOPMENT_TEAM = CP4S593DTK;
				GENERATE_INFOPLIST_FILE = YES;
				INFOPLIST_FILE = ChessTimer/Info.plist;
				INFOPLIST_KEY_UIApplicationSupportsIndirectInputEvents = YES;
				INFOPLIST_KEY_UILaunchStoryboardName = LaunchScreen;
				INFOPLIST_KEY_UISupportedInterfaceOrientations = UIInterfaceOrientationPortrait;
				IPHONEOS_DEPLOYMENT_TARGET = 13.0;
				LD_RUNPATH_SEARCH_PATHS = (
					"$(inherited)",
					"@executable_path/Frameworks",
				);
				MARKETING_VERSION = 1.0;
				PRODUCT_BUNDLE_IDENTIFIER = ru.maratyunusov.ChessTimer;
				PRODUCT_NAME = "$(TARGET_NAME)";
				SWIFT_EMIT_LOC_STRINGS = YES;
				SWIFT_VERSION = 5.0;
				TARGETED_DEVICE_FAMILY = "1,2";
			};
			name = Release;
		};
/* End XCBuildConfiguration section */

/* Begin XCConfigurationList section */
		C0F3873A2996498C00EF5B1E /* Build configuration list for PBXProject "ChessTimer" */ = {
			isa = XCConfigurationList;
			buildConfigurations = (
				C0F387512996498E00EF5B1E /* Debug */,
				C0F387522996498E00EF5B1E /* Release */,
			);
			defaultConfigurationIsVisible = 0;
			defaultConfigurationName = Release;
		};
		C0F387532996498E00EF5B1E /* Build configuration list for PBXNativeTarget "ChessTimer" */ = {
			isa = XCConfigurationList;
			buildConfigurations = (
				C0F387542996498E00EF5B1E /* Debug */,
				C0F387552996498E00EF5B1E /* Release */,
			);
			defaultConfigurationIsVisible = 0;
			defaultConfigurationName = Release;
		};
/* End XCConfigurationList section */
	};
	rootObject = C0F387372996498C00EF5B1E /* Project object */;
}
